
Microsoft Visual Studio Solution File, Format Version 12.00
# Visual Studio Version 16
VisualStudioVersion = 16.0.29728.190
MinimumVisualStudioVersion = 10.0.40219.1
Project("{9A19103F-16F7-4668-BE54-9A1E7A4F7556}") = "WebLearning", "WebLearning\WebLearning.csproj", "{80C3BA52-DE5D-4798-8E63-C7E10A652618}"
EndProject
Project("{9A19103F-16F7-4668-BE54-9A1E7A4F7556}") = "WebLearning.DataPresentation", "WebLearning.DataPresentation\WebLearning.DataPresentation.csproj", "{04BB23EC-BB83-4B87-BB54-AB79B5F850F4}"
EndProject
Project("{9A19103F-16F7-4668-BE54-9A1E7A4F7556}") = "Common", "..\Common\Common\Common.csproj", "{3B0C6E76-6F54-40B6-806D-A9D48095D20A}"
EndProject
Global
	GlobalSection(SolutionConfigurationPlatforms) = preSolution
		Debug|Any CPU = Debug|Any CPU
		Release|Any CPU = Release|Any CPU
	EndGlobalSection
	GlobalSection(ProjectConfigurationPlatforms) = postSolution
		{80C3BA52-DE5D-4798-8E63-C7E10A652618}.Debug|Any CPU.ActiveCfg = Debug|Any CPU
		{80C3BA52-DE5D-4798-8E63-C7E10A652618}.Debug|Any CPU.Build.0 = Debug|Any CPU
		{80C3BA52-DE5D-4798-8E63-C7E10A652618}.Release|Any CPU.ActiveCfg = Release|Any CPU
		{80C3BA52-DE5D-4798-8E63-C7E10A652618}.Release|Any CPU.Build.0 = Release|Any CPU
		{04BB23EC-BB83-4B87-BB54-AB79B5F850F4}.Debug|Any CPU.ActiveCfg = Debug|Any CPU
		{04BB23EC-BB83-4B87-BB54-AB79B5F850F4}.Debug|Any CPU.Build.0 = Debug|Any CPU
		{04BB23EC-BB83-4B87-BB54-AB79B5F850F4}.Release|Any CPU.ActiveCfg = Release|Any CPU
		{04BB23EC-BB83-4B87-BB54-AB79B5F850F4}.Release|Any CPU.Build.0 = Release|Any CPU
		{3B0C6E76-6F54-40B6-806D-A9D48095D20A}.Debug|Any CPU.ActiveCfg = Debug|Any CPU
		{3B0C6E76-6F54-40B6-806D-A9D48095D20A}.Debug|Any CPU.Build.0 = Debug|Any CPU
		{3B0C6E76-6F54-40B6-806D-A9D48095D20A}.Release|Any CPU.ActiveCfg = Release|Any CPU
		{3B0C6E76-6F54-40B6-806D-A9D48095D20A}.Release|Any CPU.Build.0 = Release|Any CPU
	EndGlobalSection
	GlobalSection(SolutionProperties) = preSolution
		HideSolutionNode = FALSE
	EndGlobalSection
	GlobalSection(ExtensibilityGlobals) = postSolution
		SolutionGuid = {F6EBD2F6-B796-4AB8-9C9F-6026E5D3F95C}
	EndGlobalSection
EndGlobal
